
Microsoft Visual Studio Solution File, Format Version 12.00
# Visual Studio Version 16
VisualStudioVersion = 16.0.28729.10
MinimumVisualStudioVersion = 10.0.40219.1
Project("{9A19103F-16F7-4668-BE54-9A1E7A4F7556}") = "ImportConsole", "ImportConsole\ImportConsole.csproj", "{95FCA032-0567-4F82-A2A0-40C591A62F6B}"
EndProject
Project("{2150E333-8FDC-42A3-9474-1A3956D46DE8}") = "Solution Items", "Solution Items", "{DAE81316-EEC6-482E-9068-0D04BCEC4EF8}"
	ProjectSection(SolutionItems) = preProject
		README.md = README.md
	EndProjectSection
EndProject
Project("{00D1A9C2-B5F0-4AF3-8072-F6C62B433612}") = "DIRDB", "DIRDB\DIRDB.sqlproj", "{953D4E84-0255-45F5-9E05-F74D90302EC7}"
EndProject
Global
	GlobalSection(SolutionConfigurationPlatforms) = preSolution
		Debug|Any CPU = Debug|Any CPU
		Release|Any CPU = Release|Any CPU
	EndGlobalSection
	GlobalSection(ProjectConfigurationPlatforms) = postSolution
		{95FCA032-0567-4F82-A2A0-40C591A62F6B}.Debug|Any CPU.ActiveCfg = Debug|Any CPU
		{95FCA032-0567-4F82-A2A0-40C591A62F6B}.Debug|Any CPU.Build.0 = Debug|Any CPU
		{95FCA032-0567-4F82-A2A0-40C591A62F6B}.Release|Any CPU.ActiveCfg = Release|Any CPU
		{95FCA032-0567-4F82-A2A0-40C591A62F6B}.Release|Any CPU.Build.0 = Release|Any CPU
		{953D4E84-0255-45F5-9E05-F74D90302EC7}.Debug|Any CPU.ActiveCfg = Debug|Any CPU
		{953D4E84-0255-45F5-9E05-F74D90302EC7}.Debug|Any CPU.Build.0 = Debug|Any CPU
		{953D4E84-0255-45F5-9E05-F74D90302EC7}.Debug|Any CPU.Deploy.0 = Debug|Any CPU
		{953D4E84-0255-45F5-9E05-F74D90302EC7}.Release|Any CPU.ActiveCfg = Release|Any CPU
		{953D4E84-0255-45F5-9E05-F74D90302EC7}.Release|Any CPU.Build.0 = Release|Any CPU
		{953D4E84-0255-45F5-9E05-F74D90302EC7}.Release|Any CPU.Deploy.0 = Release|Any CPU
	EndGlobalSection
	GlobalSection(SolutionProperties) = preSolution
		HideSolutionNode = FALSE
	EndGlobalSection
	GlobalSection(ExtensibilityGlobals) = postSolution
		SolutionGuid = {DFA0FDF3-82A6-443A-949C-32953A139014}
	EndGlobalSection
EndGlobal
